
Microsoft Visual Studio Solution File, Format Version 10.00
# Visual Studio 2008
Project("{FAE04EC0-301F-11D3-BF4B-00C04F79EFBC}") = "rnd", "rnd\rnd.csproj", "{FACEA518-39B9-40A1-A7A7-9DAE63755A6B}"
EndProject
Project("{FAE04EC0-301F-11D3-BF4B-00C04F79EFBC}") = "libOneRNG", "libOneRNG\libOneRNG.csproj", "{8467D0E7-259C-466B-BEAA-349BF9028319}"
EndProject
Global
	GlobalSection(SolutionConfigurationPlatforms) = preSolution
		Debug|Any CPU = Debug|Any CPU
		Release|Any CPU = Release|Any CPU
	EndGlobalSection
	GlobalSection(ProjectConfigurationPlatforms) = postSolution
		{FACEA518-39B9-40A1-A7A7-9DAE63755A6B}.Debug|Any CPU.ActiveCfg = Debug|Any CPU
		{FACEA518-39B9-40A1-A7A7-9DAE63755A6B}.Debug|Any CPU.Build.0 = Debug|Any CPU
		{FACEA518-39B9-40A1-A7A7-9DAE63755A6B}.Release|Any CPU.ActiveCfg = Release|Any CPU
		{FACEA518-39B9-40A1-A7A7-9DAE63755A6B}.Release|Any CPU.Build.0 = Release|Any CPU
		{8467D0E7-259C-466B-BEAA-349BF9028319}.Debug|Any CPU.ActiveCfg = Debug|Any CPU
		{8467D0E7-259C-466B-BEAA-349BF9028319}.Debug|Any CPU.Build.0 = Debug|Any CPU
		{8467D0E7-259C-466B-BEAA-349BF9028319}.Release|Any CPU.ActiveCfg = Release|Any CPU
		{8467D0E7-259C-466B-BEAA-349BF9028319}.Release|Any CPU.Build.0 = Release|Any CPU
	EndGlobalSection
	GlobalSection(SolutionProperties) = preSolution
		HideSolutionNode = FALSE
	EndGlobalSection
EndGlobal
